<Project xmlns="http://schemas.microsoft.com/developer/msbuild/2003">
    <PropertyGroup>
        <ProjectGuid>{632BADBE-8B12-41E2-9D38-55F9AFE62DA5}</ProjectGuid>
        <ProjectVersion>18.8</ProjectVersion>
        <FrameworkType>VCL</FrameworkType>
        <MainSource>saadmin.dpr</MainSource>
        <Base>True</Base>
        <Config Condition="'$(Config)'==''">Debug</Config>
        <Platform Condition="'$(Platform)'==''">Win32</Platform>
        <TargetedPlatforms>1</TargetedPlatforms>
        <AppType>Application</AppType>
    </PropertyGroup>
    <PropertyGroup Condition="'$(Config)'=='Base' or '$(Base)'!=''">
        <Base>true</Base>
    </PropertyGroup>
    <PropertyGroup Condition="('$(Platform)'=='Win32' and '$(Base)'=='true') or '$(Base_Win32)'!=''">
        <Base_Win32>true</Base_Win32>
        <CfgParent>Base</CfgParent>
        <Base>true</Base>
    </PropertyGroup>
    <PropertyGroup Condition="'$(Config)'=='Debug' or '$(Cfg_1)'!=''">
        <Cfg_1>true</Cfg_1>
        <CfgParent>Base</CfgParent>
        <Base>true</Base>
    </PropertyGroup>
    <PropertyGroup Condition="('$(Platform)'=='Win32' and '$(Cfg_1)'=='true') or '$(Cfg_1_Win32)'!=''">
        <Cfg_1_Win32>true</Cfg_1_Win32>
        <CfgParent>Cfg_1</CfgParent>
        <Cfg_1>true</Cfg_1>
        <Base>true</Base>
    </PropertyGroup>
    <PropertyGroup Condition="'$(Config)'=='Release' or '$(Cfg_2)'!=''">
        <Cfg_2>true</Cfg_2>
        <CfgParent>Base</CfgParent>
        <Base>true</Base>
    </PropertyGroup>
    <PropertyGroup Condition="('$(Platform)'=='Win32' and '$(Cfg_2)'=='true') or '$(Cfg_2_Win32)'!=''">
        <Cfg_2_Win32>true</Cfg_2_Win32>
        <CfgParent>Cfg_2</CfgParent>
        <Cfg_2>true</Cfg_2>
        <Base>true</Base>
    </PropertyGroup>
    <PropertyGroup Condition="'$(Base)'!=''">
        <DCC_DcuOutput>C:\Projetos\ERGServicos\dcu\</DCC_DcuOutput>
        <DCC_ExeOutput>C:\Projetos\ERGServicos\windows\</DCC_ExeOutput>
        <DCC_E>false</DCC_E>
        <DCC_N>false</DCC_N>
        <DCC_S>false</DCC_S>
        <DCC_F>false</DCC_F>
        <DCC_K>false</DCC_K>
        <DCC_Namespace>System;Xml;Data;Datasnap;Web;Soap;Vcl;Vcl.Imaging;Vcl.Touch;Vcl.Samples;Vcl.Shell;$(DCC_Namespace)</DCC_Namespace>
        <Icon_MainIcon>$(BDS)\bin\delphi_PROJECTICON.ico</Icon_MainIcon>
        <UWP_DelphiLogo44>$(BDS)\bin\Artwork\Windows\UWP\delphi_UwpDefault_44.png</UWP_DelphiLogo44>
        <UWP_DelphiLogo150>$(BDS)\bin\Artwork\Windows\UWP\delphi_UwpDefault_150.png</UWP_DelphiLogo150>
        <SanitizedProjectName>saadmin</SanitizedProjectName>
        <VerInfo_Locale>1046</VerInfo_Locale>
        <VerInfo_Keys>CompanyName=;FileDescription=$(MSBuildProjectName);FileVersion=1.0.0.0;InternalName=;LegalCopyright=;LegalTrademarks=;OriginalFilename=;ProgramID=com.embarcadero.$(MSBuildProjectName);ProductName=$(MSBuildProjectName);ProductVersion=1.0.0.0;Comments=</VerInfo_Keys>
    </PropertyGroup>
    <PropertyGroup Condition="'$(Base_Win32)'!=''">
        <DCC_UsePackage>DBXSqliteDriver;dxFlowChartRS26;dxPSdxMapControlLnkRS26;vclactnband;dxBarRS26;vclFireDAC;dxFireDACEMFRS26;tethering;dxSpreadSheetInplaceRichEditRS26;FireDACADSDriver;ORMBrDriversLinks;dxSkinVisualStudio2013BlueRS26;dxRichEditCoreRS26;dxPSdxSpreadSheetLnkRS26;ORMBrCore;dxSkinSharpPlusRS26;vcltouch;ACBr_NFe;vcldb;svn;dxPSTeeChartRS26;dxSkinFoggyRS26;ACBr_NFeDanfeESCPOS;dxSkinVisualStudio2013DarkRS26;dxSkinOffice2013DarkGrayRS26;dxGDIPlusRS26;dxAuthorizationAgentsRS26;dxPSdxFCLnkRS26;ERGComponentes;dxPSLnksRS26;dxPsPrVwAdvRS26;cxGridRS26;dxPDFViewerRS26;dxSkinSpringTimeRS26;vclx;dxPScxTLLnkRS26;CQLBrLibrary;dxSkinOffice2010BlueRS26;RESTBackendComponents;dxSkinOffice2016DarkRS26;VCLRESTComponents;dxSkinMoneyTwinsRS26;dxSkinOffice2016ColorfulRS26;dxSkinValentineRS26;dxSkinHighContrastRS26;vclie;bindengine;CloudService;dxmdsRS26;FireDACMySQLDriver;dxdborRS26;dxSkinOffice2013WhiteRS26;dxFireDACServerModeRS26;bindcompdbx;ACBr_CTeDacteRL;ACBr_TCP;IndyIPServer;ACBr_CTe;cxPivotGridRS26;IndySystem;DBEBrCore;dxSkinDarkRoomRS26;cxTreeListdxBarPopupMenuRS26;dsnapcon;cxTreeListRS26;dxPScxPivotGridLnkRS26;ACBr_synapse;cxSchedulerRibbonStyleEventEditorRS26;dxPSCoreRS26;FireDACMSAccDriver;fmxFireDAC;ORMBrManagerObjectSet;vclimg;dxSpreadSheetRS26;dxBarExtItemsRS26;dxPSdxGaugeControlLnkRS26;ACBr_SPEDImportar;ACBr_SPED;ACBr_MDFe;ACBr_BoletoRL;dxSkinLondonLiquidSkyRS26;dxSkinSevenRS26;dxdbtrRS26;FMXTee;dxRichEditControlCoreRS26;soaprtl;DbxCommonDriver;dxFlowChartAdvancedCustomizeFormRS26;dxSkinLiquidSkyRS26;ACBr_NFSeDanfseRL;dxDockingRS26;xmlrtl;soapmidas;fmxobj;cxLibraryRS26;rtl;DbxClientDriver;cxDataRS26;dxPScxSchedulerLnkRS26;ORMBrManagerClientDataSet;dxSpreadSheetConditionalFormattingDialogsRS26;ACBr_Convenio115;appanalytics;dxRibbonCustomizationFormRS26;cxSchedulerGridRS26;IndyIPClient;DBEBrConnectionFireDAC;bindcompvcl;ORMBrLibrary;dxSkinVisualStudio2013LightRS26;TeeUI;dxADOEMFRS26;VclSmp;dxRibbonRS26;dxPScxCommonRS26;dxRichEditDocumentModelRS26;ACBr_Boleto;dxPScxGridLnkRS26;dxSkinDevExpressDarkStyleRS26;ACBr_NFSe;dxSpreadSheetCoreRS26;RESTComponents;dxSkinGlassOceansRS26;DBXInterBaseDriver;dxPScxExtCommonRS26;dxSkinPumpkinRS26;ACBr_TEFD;dxSkinXmas2008BlueRS26;svnui;dxSkinOffice2007SilverRS26;cxPageControlRS26;dxSkinTheBezierRS26;dxSkinDevExpressStyleRS26;ACBr_MDFeDamdfeRL;dxRichEditControlRS26;dxGaugeControlRS26;dxorgcRS26;dxPScxVGridLnkRS26;ACBrDFeReportRL;bindcompfmx;dxSkinOffice2007PinkRS26;inetdb;dxSkinOffice2007BlueRS26;dxSkinStardustRS26;ACBr_Diversos;dxBarDBNavRS26;dxDBXServerModeRS26;dxSkinTheAsphaltWorldRS26;dxSkinSilverRS26;ACBr_TXTComum;FmxTeeUI;dxLayoutControlRS26;dxSkinBlueprintRS26;fmx;FireDACIBDriver;fmxdae;dxServerModeRS26;dxWizardControlRS26;ACBr_LCDPR;dxSkiniMaginaryRS26;dxTabbedMDIRS26;dxEMFRS26;dbexpress;IndyCore;dxComnRS26;dsnap;dxSkinSharpRS26;FireDACCommon;ACBr_PCNComum;DBEBrConnectionDBExpress;cxSchedulerTreeBrowserRS26;dxADOServerModeRS26;ACBR_DeSTDA;soapserver;dxSkinOffice2007BlackRS26;cxPivotGridOLAPRS26;cxVerticalGridRS26;dxtrmdRS26;DBXMySQLDriver;cxEditorsRS26;cxSchedulerRS26;cxSchedulerWebServiceStorageRS26;dxSkinMetropolisDarkRS26;dxSkinOffice2010BlackRS26;dxPSdxLCLnkRS26;FireDACCommonODBC;FireDACCommonDriver;dxMapControlRS26;dxSkinBlackRS26;dxSkinOffice2013LightGrayRS26;inet;dxSpellCheckerRS26;dxSkinCoffeeRS26;IndyIPCommon;dxSpreadSheetCoreConditionalFormattingDialogsRS26;vcl;dxPSdxDBOCLnkRS26;ACBr_NFeDanfeRL;dxSkinMetropolisRS26;dxSpreadSheetReportDesignerRS26;ACBr_Integrador;dxPScxPCProdRS26;dxNavBarRS26;dxCoreRS26;cxExportRS26;TeeDB;FireDAC;dxThemeRS26;dxHttpIndyRequestRS26;dxPSPrVwRibbonRS26;dxSkinOffice2010SilverRS26;ACBr_Comum;FireDACSqliteDriver;FireDACPgDriver;dxPSRichEditControlLnkRS26;dxSkinSevenClassicRS26;cxPivotGridChartRS26;dxPSDBTeeChartRS26;Tee;dxPSdxDBTVLnkRS26;vclwinx;ACBr_OpenSSL;dxOfficeCoreRS26;dxTileControlRS26;dxSkinsCoreRS26;CustomIPTransport;vcldsnap;ACBr_DFeComum;bindcomp;ORMBrManagerFDMemTable;dxSkinLilianRS26;dxSkinSummer2008RS26;dxPSdxOCLnkRS26;ACBr_Serial;dxSkinVS2010RS26;frce;dxSkinBlueRS26;ACBr_BlocoX;dbxcds;ACBr_NFCeECFVirtual;adortl;dxSkinMcSkinRS26;dxSkinDarkSideRS26;dxSpreadSheetCoreDialogsRS26;dxBarExtDBItemsRS26;dsnapxml;dbrtl;IndyProtocols;inetdbxpress;dxSkinOffice2007GreenRS26;dxRichEditInplaceRS26;dxSkinWhiteprintRS26;dxPSdxPDFViewerLnkRS26;ACBr_MTER;dxSkinCaramelRS26;fmxase;$(DCC_UsePackage)</DCC_UsePackage>
        <DCC_Namespace>Winapi;System.Win;Data.Win;Datasnap.Win;Web.Win;Soap.Win;Xml.Win;Bde;$(DCC_Namespace)</DCC_Namespace>
        <BT_BuildType>Debug</BT_BuildType>
        <VerInfo_IncludeVerInfo>true</VerInfo_IncludeVerInfo>
        <VerInfo_Locale>1033</VerInfo_Locale>
        <Manifest_File>$(BDS)\bin\default_app.manifest</Manifest_File>
        <Icon_MainIcon>saadmin_Icon5.ico</Icon_MainIcon>
    </PropertyGroup>
    <PropertyGroup Condition="'$(Cfg_1)'!=''">
        <DCC_Define>DEBUG;$(DCC_Define)</DCC_Define>
        <DCC_DebugDCUs>true</DCC_DebugDCUs>
        <DCC_Optimize>false</DCC_Optimize>
        <DCC_GenerateStackFrames>true</DCC_GenerateStackFrames>
        <DCC_DebugInfoInExe>true</DCC_DebugInfoInExe>
        <DCC_RemoteDebug>true</DCC_RemoteDebug>
    </PropertyGroup>
    <PropertyGroup Condition="'$(Cfg_1_Win32)'!=''">
        <DCC_RemoteDebug>false</DCC_RemoteDebug>
        <AppEnableRuntimeThemes>true</AppEnableRuntimeThemes>
        <AppDPIAwarenessMode>PerMonitorV2</AppDPIAwarenessMode>
        <VerInfo_IncludeVerInfo>true</VerInfo_IncludeVerInfo>
        <VerInfo_Locale>1033</VerInfo_Locale>
        <Icon_MainIcon>saadmin_Icon4.ico</Icon_MainIcon>
        <VerInfo_MajorVer>2020</VerInfo_MajorVer>
        <VerInfo_MinorVer>2</VerInfo_MinorVer>
        <VerInfo_Release>10</VerInfo_Release>
        <VerInfo_Build>1</VerInfo_Build>
        <VerInfo_Keys>CompanyName=;FileDescription=$(MSBuildProjectName);FileVersion=2020.2.10.1;InternalName=;LegalCopyright=;LegalTrademarks=;OriginalFilename=;ProgramID=com.embarcadero.$(MSBuildProjectName);ProductName=$(MSBuildProjectName);ProductVersion=1.0.0.0;Comments=</VerInfo_Keys>
        <DCC_ExeOutput>C:\ERGSis\windows\</DCC_ExeOutput>
    </PropertyGroup>
    <PropertyGroup Condition="'$(Cfg_2)'!=''">
        <DCC_LocalDebugSymbols>false</DCC_LocalDebugSymbols>
        <DCC_Define>RELEASE;$(DCC_Define)</DCC_Define>
        <DCC_SymbolReferenceInfo>0</DCC_SymbolReferenceInfo>
        <DCC_DebugInformation>0</DCC_DebugInformation>
    </PropertyGroup>
    <PropertyGroup Condition="'$(Cfg_2_Win32)'!=''">
        <AppEnableRuntimeThemes>true</AppEnableRuntimeThemes>
        <AppDPIAwarenessMode>PerMonitorV2</AppDPIAwarenessMode>
    </PropertyGroup>
    <ItemGroup>
        <DelphiCompile Include="$(MainSource)">
            <MainSource>MainSource</MainSource>
        </DelphiCompile>
        <DCCReference Include="Views\Main.View.pas">
            <Form>FMainView</Form>
            <FormType>dfm</FormType>
        </DCCReference>
        <DCCReference Include="Views\Base\Base.View.pas">
            <Form>FBaseView</Form>
            <FormType>dfm</FormType>
        </DCCReference>
        <DCCReference Include="Views\Base\BaseList.View.pas">
            <Form>FBaseListView</Form>
            <FormType>dfm</FormType>
        </DCCReference>
        <DCCReference Include="Views\Base\BaseRegister.View.pas">
            <Form>FBaseRegisterView</Form>
            <FormType>dfm</FormType>
        </DCCReference>
        <DCCReference Include="Views\Base\BaseMessage.View.pas">
            <Form>FBaseMessageView</Form>
            <FormType>dfm</FormType>
        </DCCReference>
        <DCCReference Include="Views\Base\BaseSearch.View.pas">
            <Form>FBaseSearchView</Form>
            <FormType>dfm</FormType>
        </DCCReference>
        <DCCReference Include="Views\Base\BaseReport.View.pas">
            <Form>FBaseReportView</Form>
            <FormType>dfm</FormType>
        </DCCReference>
        <DCCReference Include="Views\Messages\MSG0001.View.pas">
            <Form>FMSG0001View</Form>
            <FormType>dfm</FormType>
        </DCCReference>
        <DCCReference Include="Views\Messages\MSG0002.View.pas">
            <Form>FMSG0002View</Form>
            <FormType>dfm</FormType>
        </DCCReference>
        <DCCReference Include="Views\Messages\MSG0003.View.pas">
            <Form>FMSG0003View</Form>
            <FormType>dfm</FormType>
        </DCCReference>
        <DCCReference Include="Views\Messages\MSG0004.View.pas">
            <Form>FMSG0004View</Form>
            <FormType>dfm</FormType>
        </DCCReference>
        <DCCReference Include="Controllers\Types\Types.Controllers.pas"/>
        <DCCReference Include="Views\Base\Base.View.interf.pas"/>
        <DCCReference Include="Views\Messages\MessagesFactory.View.Interf.pas"/>
        <DCCReference Include="Views\Types\Types.Views.pas"/>
        <DCCReference Include="Views\Messages\MessagesFactory.View.pas"/>
        <DCCReference Include="Views\Facade.View.interf.pas"/>
        <DCCReference Include="Views\Facade.View.pas"/>
        <DCCReference Include="Models\Connection\Connection.Model.Interf.pas"/>
        <DCCReference Include="Models\Connection\Firebird\DataMFirebird.Model.pas">
            <Form>FDataMFirebird</Form>
            <FormType>dfm</FormType>
            <DesignClass>TDataModule</DesignClass>
        </DCCReference>
        <DCCReference Include="Models\Connection\ConnectionFactory.Model.Interf.pas"/>
        <DCCReference Include="Models\Connection\ConnectionFactory.Model.pas"/>
        <DCCReference Include="Models\Settings\Connection\ConnectionSettings.Model.interf.pas"/>
        <DCCReference Include="Models\Settings\Connection\ConnectionSettings.Model.pas"/>
        <DCCReference Include="Models\Settings\SettingsFactory.Model.interf.pas"/>
        <DCCReference Include="Models\Settings\SettingsFactory.Model.pas"/>
        <DCCReference Include="Models\Facade.Model.Interf.pas"/>
        <DCCReference Include="Models\Facade.Model.pas"/>
        <DCCReference Include="Models\Types\Types.Models.pas"/>
        <DCCReference Include="Controllers\Connection\Connection.Controller.interf.pas"/>
        <DCCReference Include="Controllers\Connection\Connection.Controller.pas"/>
        <DCCReference Include="Controllers\Facade.Controller.Interf.pas"/>
        <DCCReference Include="Controllers\Facade.Controller.pas"/>
        <DCCReference Include="Models\Modules\Managment\Districts\Entity\TMNGDISTRICT.Entity.Model.pas"/>
        <DCCReference Include="Models\Modules\Managment\Districts\Districts.Model.Interf.pas"/>
        <DCCReference Include="Models\Modules\Managment\Districts\Districts.Model.pas"/>
        <DCCReference Include="Models\Modules\Managment\ManagmentFactory.Model.Interf.pas"/>
        <DCCReference Include="Models\Modules\Managment\ManagmentFactory.Model.pas"/>
        <DCCReference Include="Models\Modules\ModulesFacade.Model.Interf.pas"/>
        <DCCReference Include="Models\Modules\ModulesFacade.Model.pas"/>
        <DCCReference Include="Controllers\Modules\Managment\District\District.Controller.Interf.pas"/>
        <DCCReference Include="Controllers\Modules\Managment\District\District.Controller.pas"/>
        <DCCReference Include="Controllers\Modules\Managment\District\Operations\DistrictInsert.Controller.pas"/>
        <DCCReference Include="Controllers\Modules\Managment\ManagmentFactory.Controller.interf.pas"/>
        <DCCReference Include="Controllers\Modules\Managment\ManagmentFactory.Controller.pas"/>
        <DCCReference Include="Controllers\Modules\ModulesFacade.Controller.interf.pas"/>
        <DCCReference Include="Controllers\Modules\ModulesFacade.Controller.pas"/>
        <DCCReference Include="Views\Modules\Managment\District\MNG0001AView.pas">
            <Form>FMNG0001AView</Form>
            <FormType>dfm</FormType>
        </DCCReference>
        <DCCReference Include="Views\Modules\Managment\ManagmentFactory.View.Interf.pas"/>
        <DCCReference Include="Views\Modules\Managment\ManagmentFactory.View.pas"/>
        <DCCReference Include="Views\Modules\ModulesFacade.View.Interf.pas"/>
        <DCCReference Include="Views\Modules\ModulesFacade.View.pas"/>
        <DCCReference Include="Views\Modules\Managment\District\MNG0001BView.pas">
            <Form>FMNG0001BView</Form>
            <FormType>dfm</FormType>
        </DCCReference>
        <DCCReference Include="Controllers\Modules\Managment\District\Operations\DistrictUpdate.Controller.pas"/>
        <DCCReference Include="Controllers\Modules\Managment\District\Operations\DistrictDelete.Controller.pas"/>
        <DCCReference Include="Controllers\Modules\Managment\District\Operations\DistrictDuplicate.Controller.pas"/>
        <DCCReference Include="Models\Modules\Managment\Country\Entity\TMNGCOUNTRY.Entity.Model.pas"/>
        <DCCReference Include="Models\Modules\Managment\Country\Country.Model.Interf.pas"/>
        <DCCReference Include="Models\Modules\Managment\Country\Country.Model.pas"/>
        <DCCReference Include="Controllers\Modules\Managment\Country\Country.Controller.Interf.pas"/>
        <DCCReference Include="Controllers\Modules\Managment\Country\Country.Controller.pas"/>
        <DCCReference Include="Controllers\Modules\Managment\Country\Operations\CountryInsert.Controller.pas"/>
        <DCCReference Include="Views\Modules\Managment\Country\MNG0002AView.pas">
            <Form>FMNG0002AView</Form>
            <FormType>dfm</FormType>
        </DCCReference>
        <DCCReference Include="Views\Modules\Managment\Country\MNG0002BView.pas">
            <Form>FMNG0002BView</Form>
            <FormType>dfm</FormType>
        </DCCReference>
        <DCCReference Include="Views\Modules\Managment\State\MNG0003AView.pas">
            <Form>FMNG0003AView</Form>
            <FormType>dfm</FormType>
        </DCCReference>
        <DCCReference Include="Controllers\Modules\Managment\Country\Operations\CountryUpdate.Controller.pas"/>
        <DCCReference Include="Controllers\Modules\Managment\Country\Operations\CountryDelete.Controller.pas"/>
        <DCCReference Include="Controllers\Modules\Managment\Country\Operations\CountryDuplicate.Controller.pas"/>
        <DCCReference Include="Models\Modules\Managment\State\Entity\TMNGSTATE.Entity.Model.pas"/>
        <DCCReference Include="Models\Modules\Managment\State\State.Model.Interf.pas"/>
        <DCCReference Include="Models\Modules\Managment\State\State.Model.pas"/>
        <DCCReference Include="Controllers\Modules\Managment\State\State.Controller.Interf.pas"/>
        <DCCReference Include="Controllers\Modules\Managment\State\State.Controller.pas"/>
        <DCCReference Include="Controllers\Modules\Managment\State\Operations\StateInsert.Controller.pas"/>
        <DCCReference Include="Controllers\Modules\Managment\State\Operations\StateUpdate.Controller.pas"/>
        <DCCReference Include="Controllers\Modules\Managment\State\Operations\StateDelete.Controller.pas"/>
        <DCCReference Include="Controllers\Modules\Managment\State\Operations\StateDuplicate.Controller.pas"/>
        <DCCReference Include="Views\Modules\Managment\State\MNG0003BView.pas">
            <Form>FMNG0003BView</Form>
            <FormType>dfm</FormType>
        </DCCReference>
        <DCCReference Include="Views\Modules\Managment\Country\MNG0002CView.pas">
            <Form>FMNG0002CView</Form>
            <FormType>dfm</FormType>
        </DCCReference>
        <DCCReference Include="Models\Modules\Managment\City\Entity\TMNGCITY.Entity.Model.pas"/>
        <DCCReference Include="Models\Modules\Managment\City\City.Model.Interf.pas"/>
        <DCCReference Include="Models\Modules\Managment\City\City.Model.pas"/>
        <DCCReference Include="Controllers\Modules\Managment\City\City.Controller.Interf.pas"/>
        <DCCReference Include="Controllers\Modules\Managment\City\City.Controller.pas"/>
        <DCCReference Include="Controllers\Modules\Managment\City\Operations\CityInsert.Controller.pas"/>
        <DCCReference Include="Controllers\Modules\Managment\City\Operations\CityUpdate.Controller.pas"/>
        <DCCReference Include="Controllers\Modules\Managment\City\Operations\CityDelete.Controller.pas"/>
        <DCCReference Include="Controllers\Modules\Managment\City\Operations\CityDuplicate.Controller.pas"/>
        <DCCReference Include="Controllers\Utils\Utils.Controller.Interf.pas"/>
        <DCCReference Include="Controllers\Utils\Utils.Controller.pas"/>
        <DCCReference Include="Controllers\Utils\Constants.Controller.pas"/>
        <DCCReference Include="Views\Modules\Receive\Client\REC0001AView.pas">
            <Form>FREC0001AView</Form>
            <FormType>dfm</FormType>
        </DCCReference>
        <DCCReference Include="Views\Modules\Managment\City\MNG0004AView.pas">
            <Form>FMNG0004AView</Form>
            <FormType>dfm</FormType>
        </DCCReference>
        <DCCReference Include="Views\Modules\Managment\City\MNG0004BView.pas">
            <Form>FMNG0004BView</Form>
            <FormType>dfm</FormType>
        </DCCReference>
        <DCCReference Include="Views\Modules\Managment\State\MNG0003CView.pas">
            <Form>FMNG0003CView</Form>
            <FormType>dfm</FormType>
        </DCCReference>
        <DCCReference Include="Views\Modules\Managment\City\MNG0004CView.pas">
            <Form>FMNG0004CView</Form>
            <FormType>dfm</FormType>
        </DCCReference>
        <DCCReference Include="Models\Modules\Managment\Company\Entity\TMNGCOMPANY.Entity.Model.pas"/>
        <DCCReference Include="Models\Modules\Managment\Company\Company.Model.Interf.pas"/>
        <DCCReference Include="Models\Modules\Managment\Company\Company.Model.pas"/>
        <DCCReference Include="Controllers\Modules\Managment\Company\Company.Controller.Interf.pas"/>
        <DCCReference Include="Controllers\Modules\Managment\Company\Company.Controller.pas"/>
        <DCCReference Include="Controllers\Modules\Managment\Company\Operations\CompanyInsert.Controller.pas"/>
        <DCCReference Include="Controllers\Modules\Managment\Company\Operations\CompanyUpdate.Controller.pas"/>
        <DCCReference Include="Controllers\Modules\Managment\Company\Operations\CompanyDelete.Controller.pas"/>
        <DCCReference Include="Controllers\Modules\Managment\Company\Operations\CompanyDuplicate.Controller.pas"/>
        <DCCReference Include="Views\Modules\Managment\Company\MNG0005AView.pas">
            <Form>FMNG0005AView</Form>
            <FormType>dfm</FormType>
        </DCCReference>
        <DCCReference Include="Views\Modules\Managment\Company\MNG0005BView.pas">
            <Form>FMNG0005BView</Form>
            <FormType>dfm</FormType>
        </DCCReference>
        <DCCReference Include="Views\Modules\Managment\District\MNG0001CView.pas">
            <Form>FMNG0001CView</Form>
            <FormType>dfm</FormType>
        </DCCReference>
        <DCCReference Include="Controllers\Utils\BCrypt.Controller.pas"/>
        <DCCReference Include="Models\Modules\Managment\User\Entity\TMNGUSER.Entity.Model.pas"/>
        <DCCReference Include="Models\Modules\Managment\User\User.Model.Interf.pas"/>
        <DCCReference Include="Models\Modules\Managment\User\User.Model.pas"/>
        <DCCReference Include="Controllers\Modules\Managment\User\User.Controller.Interf.pas"/>
        <DCCReference Include="Controllers\Modules\Managment\User\User.Controller.pas"/>
        <DCCReference Include="Controllers\Modules\Managment\User\Operations\UserInsert.Controller.pas"/>
        <DCCReference Include="Controllers\Modules\Managment\User\Operations\UserUpdate.Controller.pas"/>
        <DCCReference Include="Controllers\Modules\Managment\User\Operations\UserDelete.Controller.pas"/>
        <DCCReference Include="Controllers\Modules\Managment\User\Operations\UserDuplicate.Controller.pas"/>
        <DCCReference Include="Views\Modules\Managment\User\MNG0006AView.pas">
            <Form>FMNG0006AView</Form>
            <FormType>dfm</FormType>
        </DCCReference>
        <DCCReference Include="Views\Modules\Managment\User\MNG0006BView.pas">
            <Form>FMNG0006BView</Form>
            <FormType>dfm</FormType>
        </DCCReference>
        <DCCReference Include="Views\Messages\MSG0005.View.pas">
            <Form>FMSG0005View</Form>
            <FormType>dfm</FormType>
        </DCCReference>
        <DCCReference Include="Models\Modules\Assets\TypeExpense\Entity\TASSTYPEEXPENSE.Entity.Model.pas"/>
        <DCCReference Include="Models\Modules\Assets\TypeExpense\TypeExpense.Model.Interf.pas"/>
        <DCCReference Include="Models\Modules\Assets\TypeExpense\TypeExpense.Model.pas"/>
        <DCCReference Include="Models\Modules\Assets\AssetsFactory.Model.Interf.pas"/>
        <DCCReference Include="Models\Modules\Assets\AssetsFactory.Model.pas"/>
        <DCCReference Include="Controllers\Modules\Assets\AssetsFactory.Controller.interf.pas"/>
        <DCCReference Include="Controllers\Modules\Assets\AssetsFactory.Controller.pas"/>
        <DCCReference Include="Controllers\Modules\Assets\TypeExpense\TypeExpense.Controller.Interf.pas"/>
        <DCCReference Include="Controllers\Modules\Assets\TypeExpense\Operations\TypeExpenseInsert.Controller.pas"/>
        <DCCReference Include="Controllers\Modules\Assets\TypeExpense\Operations\TypeExpenseUpdate.Controller.pas"/>
        <DCCReference Include="Controllers\Modules\Assets\TypeExpense\Operations\TypeExpenseDelete.Controller.pas"/>
        <DCCReference Include="Controllers\Modules\Assets\TypeExpense\Operations\TypeExpenseDuplicate.Controller.pas"/>
        <DCCReference Include="Controllers\Modules\Assets\TypeExpense\TypeExpense.Controller.pas"/>
        <DCCReference Include="Views\Modules\Assets\TypeExpense\ASS0001AView.pas">
            <Form>FASS0001AView</Form>
            <FormType>dfm</FormType>
        </DCCReference>
        <DCCReference Include="Views\Modules\Assets\AssetsFactory.View.Interf.pas"/>
        <DCCReference Include="Views\Modules\Assets\AssetsFactory.View.pas"/>
        <DCCReference Include="Views\Modules\Assets\TypeExpense\ASS0001BView.pas">
            <Form>FASS0001BView</Form>
            <FormType>dfm</FormType>
        </DCCReference>
        <DCCReference Include="Models\Modules\Assets\Vehicle\Entity\TASSVEHICLE.Entity.Model.pas"/>
        <DCCReference Include="Models\Modules\Assets\Vehicle\Vehicle.Model.Interf.pas"/>
        <DCCReference Include="Models\Modules\Assets\Vehicle\Vehicle.Model.pas"/>
        <DCCReference Include="Controllers\Modules\Assets\Vehicle\Vehicle.Controller.Interf.pas"/>
        <DCCReference Include="Controllers\Modules\Assets\Vehicle\Operations\VehicleInsert.Controller.pas"/>
        <DCCReference Include="Controllers\Modules\Assets\Vehicle\Operations\VehicleUpdate.Controller.pas"/>
        <DCCReference Include="Controllers\Modules\Assets\Vehicle\Operations\VehicleDelete.Controller.pas"/>
        <DCCReference Include="Controllers\Modules\Assets\Vehicle\Operations\VehicleDuplicate.Controller.pas"/>
        <DCCReference Include="Controllers\Modules\Assets\Vehicle\Vehicle.Controller.pas"/>
        <DCCReference Include="Views\Modules\Assets\Vehicle\ASS0002AView.pas">
            <Form>FASS0002AView</Form>
            <FormType>dfm</FormType>
        </DCCReference>
        <DCCReference Include="Views\Modules\Assets\Vehicle\ASS0002BView.pas">
            <Form>FASS0002BView</Form>
            <FormType>dfm</FormType>
        </DCCReference>
        <DCCReference Include="Models\Modules\OrderOfService\Service\Entity\TORDSERVICE.Entity.Model.pas"/>
        <DCCReference Include="Models\Modules\OrderOfService\Service\Service.Model.Interf.pas"/>
        <DCCReference Include="Models\Modules\OrderOfService\Service\Service.Model.pas"/>
        <DCCReference Include="Models\Modules\OrderOfService\OrderOfServiceFactory.Model.Interf.pas"/>
        <DCCReference Include="Models\Modules\OrderOfService\OrderOfServiceFactory.Model.pas"/>
        <DCCReference Include="Controllers\Modules\OrderOfService\Service\Service.Controller.Interf.pas"/>
        <DCCReference Include="Controllers\Modules\OrderOfService\OrderOfServiceFactory.Controller.Interf.pas"/>
        <DCCReference Include="Controllers\Modules\OrderOfService\OrderOfServiceFactory.Controller.pas"/>
        <DCCReference Include="Controllers\Modules\OrderOfService\Service\Operations\ServiceInsert.Controller.pas"/>
        <DCCReference Include="Controllers\Modules\OrderOfService\Service\Operations\ServiceDuplicate.Controller.pas"/>
        <DCCReference Include="Controllers\Modules\OrderOfService\Service\Operations\ServiceUpdate.Controller.pas"/>
        <DCCReference Include="Controllers\Modules\OrderOfService\Service\Operations\ServiceDelete.Controller.pas"/>
        <DCCReference Include="Controllers\Modules\OrderOfService\Service\Service.Controller.pas"/>
        <DCCReference Include="Views\Modules\OrderOfService\Service\ORD0001AView.pas">
            <Form>FORD0001AView</Form>
            <FormType>dfm</FormType>
        </DCCReference>
        <DCCReference Include="Views\Modules\OrderOfService\OrderOfServiceFactory.View.Interf.pas"/>
        <DCCReference Include="Views\Modules\OrderOfService\OrderOfServiceFactory.View.pas"/>
        <DCCReference Include="Views\Modules\OrderOfService\Service\ORD0001BView.pas">
            <Form>FORD0001BView</Form>
            <FormType>dfm</FormType>
        </DCCReference>
        <DCCReference Include="Models\Modules\Stock\SinapiProduct\Entity\TSTOSINAPIPRODUCT.Entity.Model.pas"/>
        <DCCReference Include="Models\Modules\Stock\SinapiProduct\SinapiProduct.Model.Interf.pas"/>
        <DCCReference Include="Models\Modules\Stock\SinapiProduct\SinapiProduct.Model.pas"/>
        <DCCReference Include="Models\Modules\Stock\StockFactory.Model.Interf.pas"/>
        <DCCReference Include="Models\Modules\Stock\StockFactory.Model.pas"/>
        <DCCReference Include="Controllers\Modules\Stock\SinapiProduct\SinapiProduct.Controller.interf.pas"/>
        <DCCReference Include="Controllers\Modules\Stock\SinapiProduct\Operations\SinapiProductInsert.Controller.pas"/>
        <DCCReference Include="Controllers\Modules\Stock\SinapiProduct\Operations\SinapiProductUpdate.Controller.pas"/>
        <DCCReference Include="Controllers\Modules\Stock\SinapiProduct\Operations\SinapiProductDelete.Controller.pas"/>
        <DCCReference Include="Controllers\Modules\Stock\SinapiProduct\Operations\SinapiProductDuplicate.Controller.pas"/>
        <DCCReference Include="Controllers\Modules\Stock\SinapiProduct\SinapiProduct.Controller.pas"/>
        <DCCReference Include="Controllers\Modules\Stock\StockFactory.Controller.Interf.pas"/>
        <DCCReference Include="Controllers\Modules\Stock\StockFactory.Controller.pas"/>
        <DCCReference Include="Views\Modules\Stock\SinapiProduct\STO0001AView.pas">
            <Form>FSTO0001AView</Form>
            <FormType>dfm</FormType>
        </DCCReference>
        <DCCReference Include="Views\Modules\Stock\StockFactory.View.Interf.pas"/>
        <DCCReference Include="Views\Modules\Stock\StockFactory.View.pas"/>
        <DCCReference Include="Views\Modules\Stock\SinapiProduct\STO0001BView.pas">
            <Form>FSTO0001BView</Form>
            <FormType>dfm</FormType>
        </DCCReference>
        <DCCReference Include="Controllers\Modules\Stock\ImportProduct\ImportSinapiProduct.Controller.interf.pas"/>
        <DCCReference Include="Controllers\Modules\Stock\ImportProduct\Operation\ImportSinapiProductOperation.Controller.pas"/>
        <DCCReference Include="Controllers\Modules\Stock\ImportProduct\ImportSinapiProduct.Controller.pas"/>
        <DCCReference Include="Views\Modules\Stock\SinapiProduct\STO0001CView.pas">
            <Form>FSTO0001CView</Form>
            <FormType>dfm</FormType>
        </DCCReference>
        <DCCReference Include="Models\Modules\Managment\Person\Entity\TMNGPERSON.Entity.Model.pas"/>
        <DCCReference Include="Models\Modules\Managment\Person\Person.Model.Interf.pas"/>
        <DCCReference Include="Models\Modules\Managment\Person\Person.Model.pas"/>
        <DCCReference Include="Controllers\Modules\Managment\Person\Person.Controller.Interf.pas"/>
        <DCCReference Include="Controllers\Modules\Managment\Person\Operations\PersonUpdate.Controller.pas"/>
        <DCCReference Include="Controllers\Modules\Managment\Person\Operations\PersonDelete.Controller.pas"/>
        <DCCReference Include="Controllers\Modules\Managment\Person\Operations\PersonDuplicate.Controller.pas"/>
        <DCCReference Include="Controllers\Modules\Managment\Person\Operations\PersonInsert.Controller.pas"/>
        <DCCReference Include="Controllers\Modules\Managment\Person\Person.Controller.pas"/>
        <DCCReference Include="Views\Modules\Pay\Provider\PAY0001AView.pas">
            <Form>FPAY0001AView</Form>
            <FormType>dfm</FormType>
        </DCCReference>
        <DCCReference Include="Views\Modules\Pay\PayFactory.View.Interf.pas"/>
        <DCCReference Include="Views\Modules\Pay\PayFactory.View.pas"/>
        <DCCReference Include="Views\Modules\Receive\ReceiveFactory.View.Interf.pas"/>
        <DCCReference Include="Views\Modules\Receive\ReceiveFactory.View.pas"/>
        <DCCReference Include="Views\Modules\Receive\Client\REC0001BView.pas">
            <Form>FREC0001BView</Form>
            <FormType>dfm</FormType>
        </DCCReference>
        <DCCReference Include="Views\Modules\Pay\Provider\PAY0001BView.pas">
            <Form>FPAY0001BView</Form>
            <FormType>dfm</FormType>
        </DCCReference>
        <DCCReference Include="Models\Modules\OrderOfService\Operator\Entity\TORDOPERATOR.Entity.Model.pas"/>
        <DCCReference Include="Models\Modules\OrderOfService\Operator\Operators.Model.Interf.pas"/>
        <DCCReference Include="Models\Modules\OrderOfService\Operator\Operators.Model.pas"/>
        <DCCReference Include="Controllers\Modules\OrderOfService\Operator\Operators.Controller.Interf.pas"/>
        <DCCReference Include="Controllers\Modules\OrderOfService\Operator\Operations\OperatorsInsert.Controller.pas"/>
        <DCCReference Include="Controllers\Modules\OrderOfService\Operator\Operations\OperatorsUpdate.Controller.pas"/>
        <DCCReference Include="Controllers\Modules\OrderOfService\Operator\Operations\OperatorsDelete.Controller.pas"/>
        <DCCReference Include="Controllers\Modules\OrderOfService\Operator\Operations\OperatorsDuplicate.Controller.pas"/>
        <DCCReference Include="Controllers\Modules\OrderOfService\Operator\Operators.Controller.pas"/>
        <DCCReference Include="Views\Modules\OrderOfService\Operator\ORD0002AView.pas">
            <Form>FORD0002AView</Form>
            <FormType>dfm</FormType>
        </DCCReference>
        <DCCReference Include="Views\Modules\OrderOfService\Operator\ORD0002BView.pas">
            <Form>FORD0002BView</Form>
            <FormType>dfm</FormType>
        </DCCReference>
        <DCCReference Include="Models\Modules\OrderOfService\ServiceProvided\ServiceProvided.Model.Interf.pas"/>
        <DCCReference Include="Models\Modules\OrderOfService\ServiceProvided\ServiceProvided.Model.pas"/>
        <DCCReference Include="Controllers\Modules\OrderOfService\ServiceProvided\ServiceProvided.Controller.Interf.pas"/>
        <DCCReference Include="Controllers\Modules\OrderOfService\ServiceProvided\Operations\ServiceProvidedInsert.Controller.pas"/>
        <DCCReference Include="Controllers\Modules\OrderOfService\ServiceProvided\Operations\ServiceProvidedDuplicate.Controller.pas"/>
        <DCCReference Include="Controllers\Modules\OrderOfService\ServiceProvided\Operations\ServiceProvidedDelete.Controller.pas"/>
        <DCCReference Include="Controllers\Modules\OrderOfService\ServiceProvided\Operations\ServiceProvidedUpdate.Controller.pas"/>
        <DCCReference Include="Controllers\Modules\OrderOfService\ServiceProvided\ServiceProvided.Controller.pas"/>
        <DCCReference Include="Views\Modules\OrderOfService\ServiceProvided\ORD0003AView.pas">
            <Form>FORD0003AView</Form>
            <FormType>dfm</FormType>
        </DCCReference>
        <DCCReference Include="Views\Modules\OrderOfService\ServiceProvided\ORD0003BView.pas">
            <Form>FORD0003BView</Form>
            <FormType>dfm</FormType>
        </DCCReference>
        <DCCReference Include="Models\Modules\OrderOfService\ServiceProvided\Entity\TORDSERVICESPROVIDED.Entity.Model.pas"/>
        <DCCReference Include="Views\Modules\Receive\Client\REC0001CView.pas">
            <Form>FREC0001CView</Form>
            <FormType>dfm</FormType>
        </DCCReference>
        <DCCReference Include="Views\Modules\Pay\Provider\PAY0001CView.pas">
            <Form>FPAY0001CView</Form>
            <FormType>dfm</FormType>
        </DCCReference>
        <DCCReference Include="Views\Modules\OrderOfService\Operator\ORD0002CView.pas">
            <Form>FORD0002CView</Form>
            <FormType>dfm</FormType>
        </DCCReference>
        <DCCReference Include="Views\Modules\Assets\Vehicle\ASS0002CView.pas">
            <Form>FASS0002CView</Form>
            <FormType>dfm</FormType>
        </DCCReference>
        <DCCReference Include="Views\Modules\OrderOfService\Service\ORD0001CView.pas">
            <Form>FORD0001CView</Form>
            <FormType>dfm</FormType>
        </DCCReference>
        <DCCReference Include="Views\Modules\OrderOfService\ServiceProvided\ORD0003DView.pas">
            <Form>FORD0003DView</Form>
            <FormType>dfm</FormType>
        </DCCReference>
        <DCCReference Include="Views\Base\BaseReportWindow.View.pas">
            <Form>FBaseReportWindowView</Form>
            <FormType>dfm</FormType>
        </DCCReference>
        <DCCReference Include="Views\Base\BaseReport.View.interf.pas"/>
        <DCCReference Include="Models\Modules\OrderOfService\Budget\Entity\TORDBUDGET.Entity.Model.pas"/>
        <DCCReference Include="Models\Modules\OrderOfService\Budget\Budget.Model.Interf.pas"/>
        <DCCReference Include="Models\Modules\OrderOfService\Budget\Budget.Model.pas"/>
        <DCCReference Include="Controllers\Modules\OrderOfService\Budget\Budget.Controller.Interf.pas"/>
        <DCCReference Include="Controllers\Modules\OrderOfService\Budget\Budget.Controller.pas"/>
        <DCCReference Include="Controllers\Modules\OrderOfService\Budget\Operations\BudgetInsert.Controller.pas"/>
        <DCCReference Include="Controllers\Modules\OrderOfService\Budget\Operations\BudgetUpdate.Controller.pas"/>
        <DCCReference Include="Controllers\Modules\OrderOfService\Budget\Operations\BudgetDelete.Controller.pas"/>
        <DCCReference Include="Controllers\Modules\OrderOfService\Budget\Operations\BudgetDuplicate.Controller.pas"/>
        <DCCReference Include="Views\Modules\OrderOfService\Budget\BDG0001AView.pas">
            <Form>FBDG0001AView</Form>
            <FormType>dfm</FormType>
        </DCCReference>
        <DCCReference Include="Views\Modules\OrderOfService\Budget\BDG0001BView.pas">
            <Form>FBDG0001BView</Form>
            <FormType>dfm</FormType>
        </DCCReference>
        <BuildConfiguration Include="Release">
            <Key>Cfg_2</Key>
            <CfgParent>Base</CfgParent>
        </BuildConfiguration>
        <BuildConfiguration Include="Base">
            <Key>Base</Key>
        </BuildConfiguration>
        <BuildConfiguration Include="Debug">
            <Key>Cfg_1</Key>
            <CfgParent>Base</CfgParent>
        </BuildConfiguration>
    </ItemGroup>
    <ProjectExtensions>
        <Borland.Personality>Delphi.Personality.12</Borland.Personality>
        <Borland.ProjectType>Application</Borland.ProjectType>
        <BorlandProject>
            <Delphi.Personality>
                <Source>
                    <Source Name="MainSource">saadmin.dpr</Source>
                </Source>
                <Excluded_Packages>
                    <Excluded_Packages Name="$(BDSBIN)\dcloffice2k260.bpl">Microsoft Office 2000 Sample Automation Server Wrapper Components</Excluded_Packages>
                    <Excluded_Packages Name="$(BDSBIN)\dclofficexp260.bpl">Microsoft Office XP Sample Automation Server Wrapper Components</Excluded_Packages>
                </Excluded_Packages>
            </Delphi.Personality>
            <Deployment Version="3">
                <DeployFile LocalName="C:\ERGSis\windows\saadmin.exe" Configuration="Debug" Class="ProjectOutput">
                    <Platform Name="Win32">
                        <RemoteName>saadmin.exe</RemoteName>
                        <Overwrite>true</Overwrite>
                    </Platform>
                </DeployFile>
                <DeployClass Name="AdditionalDebugSymbols">
                    <Platform Name="iOSSimulator">
                        <Operation>1</Operation>
                    </Platform>
                    <Platform Name="OSX32">
                        <RemoteDir>Contents\MacOS</RemoteDir>
                        <Operation>1</Operation>
                    </Platform>
                    <Platform Name="Win32">
                        <Operation>0</Operation>
                    </Platform>
                </DeployClass>
                <DeployClass Name="AndroidClassesDexFile">
                    <Platform Name="Android">
                        <RemoteDir>classes</RemoteDir>
                        <Operation>1</Operation>
                    </Platform>
                    <Platform Name="Android64">
                        <RemoteDir>classes</RemoteDir>
                        <Operation>1</Operation>
                    </Platform>
                </DeployClass>
                <DeployClass Name="AndroidFileProvider">
                    <Platform Name="Android">
                        <RemoteDir>res\xml</RemoteDir>
                        <Operation>1</Operation>
                    </Platform>
                    <Platform Name="Android64">
                        <RemoteDir>res\xml</RemoteDir>
                        <Operation>1</Operation>
                    </Platform>
                </DeployClass>
                <DeployClass Name="AndroidGDBServer">
                    <Platform Name="Android">
                        <RemoteDir>library\lib\armeabi-v7a</RemoteDir>
                        <Operation>1</Operation>
                    </Platform>
                </DeployClass>
                <DeployClass Name="AndroidLibnativeArmeabiFile">
                    <Platform Name="Android">
                        <RemoteDir>library\lib\armeabi</RemoteDir>
                        <Operation>1</Operation>
                    </Platform>
                    <Platform Name="Android64">
                        <RemoteDir>library\lib\armeabi</RemoteDir>
                        <Operation>1</Operation>
                    </Platform>
                </DeployClass>
                <DeployClass Name="AndroidLibnativeArmeabiv7aFile">
                    <Platform Name="Android64">
                        <RemoteDir>library\lib\armeabi-v7a</RemoteDir>
                        <Operation>1</Operation>
                    </Platform>
                </DeployClass>
                <DeployClass Name="AndroidLibnativeMipsFile">
                    <Platform Name="Android">
                        <RemoteDir>library\lib\mips</RemoteDir>
                        <Operation>1</Operation>
                    </Platform>
                    <Platform Name="Android64">
                        <RemoteDir>library\lib\mips</RemoteDir>
                        <Operation>1</Operation>
                    </Platform>
                </DeployClass>
                <DeployClass Name="AndroidServiceOutput">
                    <Platform Name="Android">
                        <RemoteDir>library\lib\armeabi-v7a</RemoteDir>
                        <Operation>1</Operation>
                    </Platform>
                    <Platform Name="Android64">
                        <RemoteDir>library\lib\arm64-v8a</RemoteDir>
                        <Operation>1</Operation>
                    </Platform>
                </DeployClass>
                <DeployClass Name="AndroidServiceOutput_Android32">
                    <Platform Name="Android64">
                        <RemoteDir>library\lib\armeabi-v7a</RemoteDir>
                        <Operation>1</Operation>
                    </Platform>
                </DeployClass>
                <DeployClass Name="AndroidSplashImageDef">
                    <Platform Name="Android">
                        <RemoteDir>res\drawable</RemoteDir>
                        <Operation>1</Operation>
                    </Platform>
                    <Platform Name="Android64">
                        <RemoteDir>res\drawable</RemoteDir>
                        <Operation>1</Operation>
                    </Platform>
                </DeployClass>
                <DeployClass Name="AndroidSplashStyles">
                    <Platform Name="Android">
                        <RemoteDir>res\values</RemoteDir>
                        <Operation>1</Operation>
                    </Platform>
                    <Platform Name="Android64">
                        <RemoteDir>res\values</RemoteDir>
                        <Operation>1</Operation>
                    </Platform>
                </DeployClass>
                <DeployClass Name="AndroidSplashStylesV21">
                    <Platform Name="Android">
                        <RemoteDir>res\values-v21</RemoteDir>
                        <Operation>1</Operation>
                    </Platform>
                    <Platform Name="Android64">
                        <RemoteDir>res\values-v21</RemoteDir>
                        <Operation>1</Operation>
                    </Platform>
                </DeployClass>
                <DeployClass Name="Android_Colors">
                    <Platform Name="Android">
                        <RemoteDir>res\values</RemoteDir>
                        <Operation>1</Operation>
                    </Platform>
                    <Platform Name="Android64">
                        <RemoteDir>res\values</RemoteDir>
                        <Operation>1</Operation>
                    </Platform>
                </DeployClass>
                <DeployClass Name="Android_DefaultAppIcon">
                    <Platform Name="Android">
                        <RemoteDir>res\drawable</RemoteDir>
                        <Operation>1</Operation>
                    </Platform>
                    <Platform Name="Android64">
                        <RemoteDir>res\drawable</RemoteDir>
                        <Operation>1</Operation>
                    </Platform>
                </DeployClass>
                <DeployClass Name="Android_LauncherIcon144">
                    <Platform Name="Android">
                        <RemoteDir>res\drawable-xxhdpi</RemoteDir>
                        <Operation>1</Operation>
                    </Platform>
                    <Platform Name="Android64">
                        <RemoteDir>res\drawable-xxhdpi</RemoteDir>
                        <Operation>1</Operation>
                    </Platform>
                </DeployClass>
                <DeployClass Name="Android_LauncherIcon36">
                    <Platform Name="Android">
                        <RemoteDir>res\drawable-ldpi</RemoteDir>
                        <Operation>1</Operation>
                    </Platform>
                    <Platform Name="Android64">
                        <RemoteDir>res\drawable-ldpi</RemoteDir>
                        <Operation>1</Operation>
                    </Platform>
                </DeployClass>
                <DeployClass Name="Android_LauncherIcon48">
                    <Platform Name="Android">
                        <RemoteDir>res\drawable-mdpi</RemoteDir>
                        <Operation>1</Operation>
                    </Platform>
                    <Platform Name="Android64">
                        <RemoteDir>res\drawable-mdpi</RemoteDir>
                        <Operation>1</Operation>
                    </Platform>
                </DeployClass>
                <DeployClass Name="Android_LauncherIcon72">
                    <Platform Name="Android">
                        <RemoteDir>res\drawable-hdpi</RemoteDir>
                        <Operation>1</Operation>
                    </Platform>
                    <Platform Name="Android64">
                        <RemoteDir>res\drawable-hdpi</RemoteDir>
                        <Operation>1</Operation>
                    </Platform>
                </DeployClass>
                <DeployClass Name="Android_LauncherIcon96">
                    <Platform Name="Android">
                        <RemoteDir>res\drawable-xhdpi</RemoteDir>
                        <Operation>1</Operation>
                    </Platform>
                    <Platform Name="Android64">
                        <RemoteDir>res\drawable-xhdpi</RemoteDir>
                        <Operation>1</Operation>
                    </Platform>
                </DeployClass>
                <DeployClass Name="Android_NotificationIcon24">
                    <Platform Name="Android">
                        <RemoteDir>res\drawable-mdpi</RemoteDir>
                        <Operation>1</Operation>
                    </Platform>
                    <Platform Name="Android64">
                        <RemoteDir>res\drawable-mdpi</RemoteDir>
                        <Operation>1</Operation>
                    </Platform>
                </DeployClass>
                <DeployClass Name="Android_NotificationIcon36">
                    <Platform Name="Android">
                        <RemoteDir>res\drawable-hdpi</RemoteDir>
                        <Operation>1</Operation>
                    </Platform>
                    <Platform Name="Android64">
                        <RemoteDir>res\drawable-hdpi</RemoteDir>
                        <Operation>1</Operation>
                    </Platform>
                </DeployClass>
                <DeployClass Name="Android_NotificationIcon48">
                    <Platform Name="Android">
                        <RemoteDir>res\drawable-xhdpi</RemoteDir>
                        <Operation>1</Operation>
                    </Platform>
                    <Platform Name="Android64">
                        <RemoteDir>res\drawable-xhdpi</RemoteDir>
                        <Operation>1</Operation>
                    </Platform>
                </DeployClass>
                <DeployClass Name="Android_NotificationIcon72">
                    <Platform Name="Android">
                        <RemoteDir>res\drawable-xxhdpi</RemoteDir>
                        <Operation>1</Operation>
                    </Platform>
                    <Platform Name="Android64">
                        <RemoteDir>res\drawable-xxhdpi</RemoteDir>
                        <Operation>1</Operation>
                    </Platform>
                </DeployClass>
                <DeployClass Name="Android_NotificationIcon96">
                    <Platform Name="Android">
                        <RemoteDir>res\drawable-xxxhdpi</RemoteDir>
                        <Operation>1</Operation>
                    </Platform>
                    <Platform Name="Android64">
                        <RemoteDir>res\drawable-xxxhdpi</RemoteDir>
                        <Operation>1</Operation>
                    </Platform>
                </DeployClass>
                <DeployClass Name="Android_SplashImage426">
                    <Platform Name="Android">
                        <RemoteDir>res\drawable-small</RemoteDir>
                        <Operation>1</Operation>
                    </Platform>
                    <Platform Name="Android64">
                        <RemoteDir>res\drawable-small</RemoteDir>
                        <Operation>1</Operation>
                    </Platform>
                </DeployClass>
                <DeployClass Name="Android_SplashImage470">
                    <Platform Name="Android">
                        <RemoteDir>res\drawable-normal</RemoteDir>
                        <Operation>1</Operation>
                    </Platform>
                    <Platform Name="Android64">
                        <RemoteDir>res\drawable-normal</RemoteDir>
                        <Operation>1</Operation>
                    </Platform>
                </DeployClass>
                <DeployClass Name="Android_SplashImage640">
                    <Platform Name="Android">
                        <RemoteDir>res\drawable-large</RemoteDir>
                        <Operation>1</Operation>
                    </Platform>
                    <Platform Name="Android64">
                        <RemoteDir>res\drawable-large</RemoteDir>
                        <Operation>1</Operation>
                    </Platform>
                </DeployClass>
                <DeployClass Name="Android_SplashImage960">
                    <Platform Name="Android">
                        <RemoteDir>res\drawable-xlarge</RemoteDir>
                        <Operation>1</Operation>
                    </Platform>
                    <Platform Name="Android64">
                        <RemoteDir>res\drawable-xlarge</RemoteDir>
                        <Operation>1</Operation>
                    </Platform>
                </DeployClass>
                <DeployClass Name="Android_Strings">
                    <Platform Name="Android">
                        <RemoteDir>res\values</RemoteDir>
                        <Operation>1</Operation>
                    </Platform>
                    <Platform Name="Android64">
                        <RemoteDir>res\values</RemoteDir>
                        <Operation>1</Operation>
                    </Platform>
                </DeployClass>
                <DeployClass Name="DebugSymbols">
                    <Platform Name="iOSSimulator">
                        <Operation>1</Operation>
                    </Platform>
                    <Platform Name="OSX32">
                        <RemoteDir>Contents\MacOS</RemoteDir>
                        <Operation>1</Operation>
                    </Platform>
                    <Platform Name="Win32">
                        <Operation>0</Operation>
                    </Platform>
                </DeployClass>
                <DeployClass Name="DependencyFramework">
                    <Platform Name="OSX32">
                        <RemoteDir>Contents\MacOS</RemoteDir>
                        <Operation>1</Operation>
                        <Extensions>.framework</Extensions>
                    </Platform>
                    <Platform Name="OSX64">
                        <RemoteDir>Contents\MacOS</RemoteDir>
                        <Operation>1</Operation>
                        <Extensions>.framework</Extensions>
                    </Platform>
                    <Platform Name="Win32">
                        <Operation>0</Operation>
                    </Platform>
                </DeployClass>
                <DeployClass Name="DependencyModule">
                    <Platform Name="iOSDevice32">
                        <Operation>1</Operation>
                        <Extensions>.dylib</Extensions>
                    </Platform>
                    <Platform Name="iOSDevice64">
                        <Operation>1</Operation>
                        <Extensions>.dylib</Extensions>
                    </Platform>
                    <Platform Name="iOSSimulator">
                        <Operation>1</Operation>
                        <Extensions>.dylib</Extensions>
                    </Platform>
                    <Platform Name="OSX32">
                        <RemoteDir>Contents\MacOS</RemoteDir>
                        <Operation>1</Operation>
                        <Extensions>.dylib</Extensions>
                    </Platform>
                    <Platform Name="OSX64">
                        <RemoteDir>Contents\MacOS</RemoteDir>
                        <Operation>1</Operation>
                        <Extensions>.dylib</Extensions>
                    </Platform>
                    <Platform Name="Win32">
                        <Operation>0</Operation>
                        <Extensions>.dll;.bpl</Extensions>
                    </Platform>
                </DeployClass>
                <DeployClass Required="true" Name="DependencyPackage">
                    <Platform Name="iOSDevice32">
                        <Operation>1</Operation>
                        <Extensions>.dylib</Extensions>
                    </Platform>
                    <Platform Name="iOSDevice64">
                        <Operation>1</Operation>
                        <Extensions>.dylib</Extensions>
                    </Platform>
                    <Platform Name="iOSSimulator">
                        <Operation>1</Operation>
                        <Extensions>.dylib</Extensions>
                    </Platform>
                    <Platform Name="OSX32">
                        <RemoteDir>Contents\MacOS</RemoteDir>
                        <Operation>1</Operation>
                        <Extensions>.dylib</Extensions>
                    </Platform>
                    <Platform Name="OSX64">
                        <RemoteDir>Contents\MacOS</RemoteDir>
                        <Operation>1</Operation>
                        <Extensions>.dylib</Extensions>
                    </Platform>
                    <Platform Name="Win32">
                        <Operation>0</Operation>
                        <Extensions>.bpl</Extensions>
                    </Platform>
                </DeployClass>
                <DeployClass Name="File">
                    <Platform Name="Android">
                        <Operation>0</Operation>
                    </Platform>
                    <Platform Name="Android64">
                        <Operation>0</Operation>
                    </Platform>
                    <Platform Name="iOSDevice32">
                        <Operation>0</Operation>
                    </Platform>
                    <Platform Name="iOSDevice64">
                        <Operation>0</Operation>
                    </Platform>
                    <Platform Name="iOSSimulator">
                        <Operation>0</Operation>
                    </Platform>
                    <Platform Name="OSX32">
                        <RemoteDir>Contents\Resources\StartUp\</RemoteDir>
                        <Operation>0</Operation>
                    </Platform>
                    <Platform Name="OSX64">
                        <RemoteDir>Contents\Resources\StartUp\</RemoteDir>
                        <Operation>0</Operation>
                    </Platform>
                    <Platform Name="Win32">
                        <Operation>0</Operation>
                    </Platform>
                </DeployClass>
                <DeployClass Name="iPad_Launch1024x768">
                    <Platform Name="iOSDevice32">
                        <Operation>1</Operation>
                    </Platform>
                    <Platform Name="iOSDevice64">
                        <Operation>1</Operation>
                    </Platform>
                    <Platform Name="iOSSimulator">
                        <Operation>1</Operation>
                    </Platform>
                </DeployClass>
                <DeployClass Name="iPad_Launch1536x2048">
                    <Platform Name="iOSDevice32">
                        <Operation>1</Operation>
                    </Platform>
                    <Platform Name="iOSDevice64">
                        <Operation>1</Operation>
                    </Platform>
                    <Platform Name="iOSSimulator">
                        <Operation>1</Operation>
                    </Platform>
                </DeployClass>
                <DeployClass Name="iPad_Launch1668">
                    <Platform Name="iOSDevice32">
                        <Operation>1</Operation>
                    </Platform>
                    <Platform Name="iOSDevice64">
                        <Operation>1</Operation>
                    </Platform>
                    <Platform Name="iOSSimulator">
                        <Operation>1</Operation>
                    </Platform>
                </DeployClass>
                <DeployClass Name="iPad_Launch1668x2388">
                    <Platform Name="iOSDevice32">
                        <Operation>1</Operation>
                    </Platform>
                    <Platform Name="iOSDevice64">
                        <Operation>1</Operation>
                    </Platform>
                    <Platform Name="iOSSimulator">
                        <Operation>1</Operation>
                    </Platform>
                </DeployClass>
                <DeployClass Name="iPad_Launch2048x1536">
                    <Platform Name="iOSDevice32">
                        <Operation>1</Operation>
                    </Platform>
                    <Platform Name="iOSDevice64">
                        <Operation>1</Operation>
                    </Platform>
                    <Platform Name="iOSSimulator">
                        <Operation>1</Operation>
                    </Platform>
                </DeployClass>
                <DeployClass Name="iPad_Launch2048x2732">
                    <Platform Name="iOSDevice32">
                        <Operation>1</Operation>
                    </Platform>
                    <Platform Name="iOSDevice64">
                        <Operation>1</Operation>
                    </Platform>
                    <Platform Name="iOSSimulator">
                        <Operation>1</Operation>
                    </Platform>
                </DeployClass>
                <DeployClass Name="iPad_Launch2224">
                    <Platform Name="iOSDevice32">
                        <Operation>1</Operation>
                    </Platform>
                    <Platform Name="iOSDevice64">
                        <Operation>1</Operation>
                    </Platform>
                    <Platform Name="iOSSimulator">
                        <Operation>1</Operation>
                    </Platform>
                </DeployClass>
                <DeployClass Name="iPad_Launch2388x1668">
                    <Platform Name="iOSDevice32">
                        <Operation>1</Operation>
                    </Platform>
                    <Platform Name="iOSDevice64">
                        <Operation>1</Operation>
                    </Platform>
                    <Platform Name="iOSSimulator">
                        <Operation>1</Operation>
                    </Platform>
                </DeployClass>
                <DeployClass Name="iPad_Launch2732x2048">
                    <Platform Name="iOSDevice32">
                        <Operation>1</Operation>
                    </Platform>
                    <Platform Name="iOSDevice64">
                        <Operation>1</Operation>
                    </Platform>
                    <Platform Name="iOSSimulator">
                        <Operation>1</Operation>
                    </Platform>
                </DeployClass>
                <DeployClass Name="iPad_Launch768x1024">
                    <Platform Name="iOSDevice32">
                        <Operation>1</Operation>
                    </Platform>
                    <Platform Name="iOSDevice64">
                        <Operation>1</Operation>
                    </Platform>
                    <Platform Name="iOSSimulator">
                        <Operation>1</Operation>
                    </Platform>
                </DeployClass>
                <DeployClass Name="iPhone_Launch1125">
                    <Platform Name="iOSDevice32">
                        <Operation>1</Operation>
                    </Platform>
                    <Platform Name="iOSDevice64">
                        <Operation>1</Operation>
                    </Platform>
                    <Platform Name="iOSSimulator">
                        <Operation>1</Operation>
                    </Platform>
                </DeployClass>
                <DeployClass Name="iPhone_Launch1136x640">
                    <Platform Name="iOSDevice32">
                        <Operation>1</Operation>
                    </Platform>
                    <Platform Name="iOSDevice64">
                        <Operation>1</Operation>
                    </Platform>
                    <Platform Name="iOSSimulator">
                        <Operation>1</Operation>
                    </Platform>
                </DeployClass>
                <DeployClass Name="iPhone_Launch1242">
                    <Platform Name="iOSDevice32">
                        <Operation>1</Operation>
                    </Platform>
                    <Platform Name="iOSDevice64">
                        <Operation>1</Operation>
                    </Platform>
                    <Platform Name="iOSSimulator">
                        <Operation>1</Operation>
                    </Platform>
                </DeployClass>
                <DeployClass Name="iPhone_Launch1242x2688">
                    <Platform Name="iOSDevice32">
                        <Operation>1</Operation>
                    </Platform>
                    <Platform Name="iOSDevice64">
                        <Operation>1</Operation>
                    </Platform>
                    <Platform Name="iOSSimulator">
                        <Operation>1</Operation>
                    </Platform>
                </DeployClass>
                <DeployClass Name="iPhone_Launch1334">
                    <Platform Name="iOSDevice32">
                        <Operation>1</Operation>
                    </Platform>
                    <Platform Name="iOSDevice64">
                        <Operation>1</Operation>
                    </Platform>
                    <Platform Name="iOSSimulator">
                        <Operation>1</Operation>
                    </Platform>
                </DeployClass>
                <DeployClass Name="iPhone_Launch1792">
                    <Platform Name="iOSDevice32">
                        <Operation>1</Operation>
                    </Platform>
                    <Platform Name="iOSDevice64">
                        <Operation>1</Operation>
                    </Platform>
                    <Platform Name="iOSSimulator">
                        <Operation>1</Operation>
                    </Platform>
                </DeployClass>
                <DeployClass Name="iPhone_Launch2208">
                    <Platform Name="iOSDevice32">
                        <Operation>1</Operation>
                    </Platform>
                    <Platform Name="iOSDevice64">
                        <Operation>1</Operation>
                    </Platform>
                    <Platform Name="iOSSimulator">
                        <Operation>1</Operation>
                    </Platform>
                </DeployClass>
                <DeployClass Name="iPhone_Launch2436">
                    <Platform Name="iOSDevice32">
                        <Operation>1</Operation>
                    </Platform>
                    <Platform Name="iOSDevice64">
                        <Operation>1</Operation>
                    </Platform>
                    <Platform Name="iOSSimulator">
                        <Operation>1</Operation>
                    </Platform>
                </DeployClass>
                <DeployClass Name="iPhone_Launch2688x1242">
                    <Platform Name="iOSDevice32">
                        <Operation>1</Operation>
                    </Platform>
                    <Platform Name="iOSDevice64">
                        <Operation>1</Operation>
                    </Platform>
                    <Platform Name="iOSSimulator">
                        <Operation>1</Operation>
                    </Platform>
                </DeployClass>
                <DeployClass Name="iPhone_Launch320">
                    <Platform Name="iOSDevice32">
                        <Operation>1</Operation>
                    </Platform>
                    <Platform Name="iOSDevice64">
                        <Operation>1</Operation>
                    </Platform>
                    <Platform Name="iOSSimulator">
                        <Operation>1</Operation>
                    </Platform>
                </DeployClass>
                <DeployClass Name="iPhone_Launch640">
                    <Platform Name="iOSDevice32">
                        <Operation>1</Operation>
                    </Platform>
                    <Platform Name="iOSDevice64">
                        <Operation>1</Operation>
                    </Platform>
                    <Platform Name="iOSSimulator">
                        <Operation>1</Operation>
                    </Platform>
                </DeployClass>
                <DeployClass Name="iPhone_Launch640x1136">
                    <Platform Name="iOSDevice32">
                        <Operation>1</Operation>
                    </Platform>
                    <Platform Name="iOSDevice64">
                        <Operation>1</Operation>
                    </Platform>
                    <Platform Name="iOSSimulator">
                        <Operation>1</Operation>
                    </Platform>
                </DeployClass>
                <DeployClass Name="iPhone_Launch750">
                    <Platform Name="iOSDevice32">
                        <Operation>1</Operation>
                    </Platform>
                    <Platform Name="iOSDevice64">
                        <Operation>1</Operation>
                    </Platform>
                    <Platform Name="iOSSimulator">
                        <Operation>1</Operation>
                    </Platform>
                </DeployClass>
                <DeployClass Name="iPhone_Launch828">
                    <Platform Name="iOSDevice32">
                        <Operation>1</Operation>
                    </Platform>
                    <Platform Name="iOSDevice64">
                        <Operation>1</Operation>
                    </Platform>
                    <Platform Name="iOSSimulator">
                        <Operation>1</Operation>
                    </Platform>
                </DeployClass>
                <DeployClass Name="ProjectAndroidManifest">
                    <Platform Name="Android">
                        <Operation>1</Operation>
                    </Platform>
                    <Platform Name="Android64">
                        <Operation>1</Operation>
                    </Platform>
                </DeployClass>
                <DeployClass Name="ProjectiOSDeviceDebug">
                    <Platform Name="iOSDevice32">
                        <RemoteDir>..\$(PROJECTNAME).app.dSYM\Contents\Resources\DWARF</RemoteDir>
                        <Operation>1</Operation>
                    </Platform>
                    <Platform Name="iOSDevice64">
                        <RemoteDir>..\$(PROJECTNAME).app.dSYM\Contents\Resources\DWARF</RemoteDir>
                        <Operation>1</Operation>
                    </Platform>
                </DeployClass>
                <DeployClass Name="ProjectiOSDeviceResourceRules">
                    <Platform Name="iOSDevice32">
                        <Operation>1</Operation>
                    </Platform>
                    <Platform Name="iOSDevice64">
                        <Operation>1</Operation>
                    </Platform>
                </DeployClass>
                <DeployClass Name="ProjectiOSEntitlements">
                    <Platform Name="iOSDevice32">
                        <RemoteDir>..\</RemoteDir>
                        <Operation>1</Operation>
                    </Platform>
                    <Platform Name="iOSDevice64">
                        <RemoteDir>..\</RemoteDir>
                        <Operation>1</Operation>
                    </Platform>
                </DeployClass>
                <DeployClass Name="ProjectiOSInfoPList">
                    <Platform Name="iOSDevice32">
                        <Operation>1</Operation>
                    </Platform>
                    <Platform Name="iOSDevice64">
                        <Operation>1</Operation>
                    </Platform>
                    <Platform Name="iOSSimulator">
                        <Operation>1</Operation>
                    </Platform>
                </DeployClass>
                <DeployClass Name="ProjectiOSResource">
                    <Platform Name="iOSDevice32">
                        <Operation>1</Operation>
                    </Platform>
                    <Platform Name="iOSDevice64">
                        <Operation>1</Operation>
                    </Platform>
                    <Platform Name="iOSSimulator">
                        <Operation>1</Operation>
                    </Platform>
                </DeployClass>
                <DeployClass Name="ProjectOSXDebug">
                    <Platform Name="OSX64">
                        <RemoteDir>..\$(PROJECTNAME).app.dSYM\Contents\Resources\DWARF</RemoteDir>
                        <Operation>1</Operation>
                    </Platform>
                </DeployClass>
                <DeployClass Name="ProjectOSXEntitlements">
                    <Platform Name="OSX32">
                        <RemoteDir>..\</RemoteDir>
                        <Operation>1</Operation>
                    </Platform>
                    <Platform Name="OSX64">
                        <RemoteDir>..\</RemoteDir>
                        <Operation>1</Operation>
                    </Platform>
                </DeployClass>
                <DeployClass Name="ProjectOSXInfoPList">
                    <Platform Name="OSX32">
                        <RemoteDir>Contents</RemoteDir>
                        <Operation>1</Operation>
                    </Platform>
                    <Platform Name="OSX64">
                        <RemoteDir>Contents</RemoteDir>
                        <Operation>1</Operation>
                    </Platform>
                </DeployClass>
                <DeployClass Name="ProjectOSXResource">
                    <Platform Name="OSX32">
                        <RemoteDir>Contents\Resources</RemoteDir>
                        <Operation>1</Operation>
                    </Platform>
                    <Platform Name="OSX64">
                        <RemoteDir>Contents\Resources</RemoteDir>
                        <Operation>1</Operation>
                    </Platform>
                </DeployClass>
                <DeployClass Required="true" Name="ProjectOutput">
                    <Platform Name="Android">
                        <RemoteDir>library\lib\armeabi-v7a</RemoteDir>
                        <Operation>1</Operation>
                    </Platform>
                    <Platform Name="Android64">
                        <RemoteDir>library\lib\arm64-v8a</RemoteDir>
                        <Operation>1</Operation>
                    </Platform>
                    <Platform Name="iOSDevice32">
                        <Operation>1</Operation>
                    </Platform>
                    <Platform Name="iOSDevice64">
                        <Operation>1</Operation>
                    </Platform>
                    <Platform Name="iOSSimulator">
                        <Operation>1</Operation>
                    </Platform>
                    <Platform Name="Linux64">
                        <Operation>1</Operation>
                    </Platform>
                    <Platform Name="OSX32">
                        <RemoteDir>Contents\MacOS</RemoteDir>
                        <Operation>1</Operation>
                    </Platform>
                    <Platform Name="OSX64">
                        <RemoteDir>Contents\MacOS</RemoteDir>
                        <Operation>1</Operation>
                    </Platform>
                    <Platform Name="Win32">
                        <Operation>0</Operation>
                    </Platform>
                </DeployClass>
                <DeployClass Name="ProjectOutput_Android32">
                    <Platform Name="Android64">
                        <RemoteDir>library\lib\armeabi-v7a</RemoteDir>
                        <Operation>1</Operation>
                    </Platform>
                </DeployClass>
                <DeployClass Name="ProjectUWPManifest">
                    <Platform Name="Win32">
                        <Operation>1</Operation>
                    </Platform>
                    <Platform Name="Win64">
                        <Operation>1</Operation>
                    </Platform>
                </DeployClass>
                <DeployClass Name="UWP_DelphiLogo150">
                    <Platform Name="Win32">
                        <RemoteDir>Assets</RemoteDir>
                        <Operation>1</Operation>
                    </Platform>
                    <Platform Name="Win64">
                        <RemoteDir>Assets</RemoteDir>
                        <Operation>1</Operation>
                    </Platform>
                </DeployClass>
                <DeployClass Name="UWP_DelphiLogo44">
                    <Platform Name="Win32">
                        <RemoteDir>Assets</RemoteDir>
                        <Operation>1</Operation>
                    </Platform>
                    <Platform Name="Win64">
                        <RemoteDir>Assets</RemoteDir>
                        <Operation>1</Operation>
                    </Platform>
                </DeployClass>
                <ProjectRoot Platform="iOSDevice64" Name="$(PROJECTNAME).app"/>
                <ProjectRoot Platform="Win64" Name="$(PROJECTNAME)"/>
                <ProjectRoot Platform="iOSDevice32" Name="$(PROJECTNAME).app"/>
                <ProjectRoot Platform="Linux64" Name="$(PROJECTNAME)"/>
                <ProjectRoot Platform="Win32" Name="$(PROJECTNAME)"/>
                <ProjectRoot Platform="OSX32" Name="$(PROJECTNAME).app"/>
                <ProjectRoot Platform="Android" Name="$(PROJECTNAME)"/>
                <ProjectRoot Platform="OSX64" Name="$(PROJECTNAME).app"/>
                <ProjectRoot Platform="iOSSimulator" Name="$(PROJECTNAME).app"/>
                <ProjectRoot Platform="Android64" Name="$(PROJECTNAME)"/>
            </Deployment>
            <Platforms>
                <Platform value="Win32">True</Platform>
            </Platforms>
            <ModelSupport>False</ModelSupport>
        </BorlandProject>
        <ProjectFileVersion>12</ProjectFileVersion>
    </ProjectExtensions>
    <Import Project="$(BDS)\Bin\CodeGear.Delphi.Targets" Condition="Exists('$(BDS)\Bin\CodeGear.Delphi.Targets')"/>
    <Import Project="$(APPDATA)\Embarcadero\$(BDSAPPDATABASEDIR)\$(PRODUCTVERSION)\UserTools.proj" Condition="Exists('$(APPDATA)\Embarcadero\$(BDSAPPDATABASEDIR)\$(PRODUCTVERSION)\UserTools.proj')"/>
    <Import Project="$(MSBuildProjectName).deployproj" Condition="Exists('$(MSBuildProjectName).deployproj')"/>
</Project>
